
Microsoft Visual Studio Solution File, Format Version 12.00
# Visual Studio 15
VisualStudioVersion = 15.0.28307.2092
MinimumVisualStudioVersion = 10.0.40219.1
Project("{8BC9CEB8-8B4A-11D0-8D11-00A0C91BC942}") = "p.06", "p.06\p.06.vcxproj", "{98E26089-25B2-4EFB-9987-3D04AE4219D7}"
EndProject
Global
	GlobalSection(SolutionConfigurationPlatforms) = preSolution
		Debug|x64 = Debug|x64
		Debug|x86 = Debug|x86
		Release|x64 = Release|x64
		Release|x86 = Release|x86
	EndGlobalSection
	GlobalSection(ProjectConfigurationPlatforms) = postSolution
		{98E26089-25B2-4EFB-9987-3D04AE4219D7}.Debug|x64.ActiveCfg = Debug|x64
		{98E26089-25B2-4EFB-9987-3D04AE4219D7}.Debug|x64.Build.0 = Debug|x64
		{98E26089-25B2-4EFB-9987-3D04AE4219D7}.Debug|x86.ActiveCfg = Debug|Win32
		{98E26089-25B2-4EFB-9987-3D04AE4219D7}.Debug|x86.Build.0 = Debug|Win32
		{98E26089-25B2-4EFB-9987-3D04AE4219D7}.Release|x64.ActiveCfg = Release|x64
		{98E26089-25B2-4EFB-9987-3D04AE4219D7}.Release|x64.Build.0 = Release|x64
		{98E26089-25B2-4EFB-9987-3D04AE4219D7}.Release|x86.ActiveCfg = Release|Win32
		{98E26089-25B2-4EFB-9987-3D04AE4219D7}.Release|x86.Build.0 = Release|Win32
	EndGlobalSection
	GlobalSection(SolutionProperties) = preSolution
		HideSolutionNode = FALSE
	EndGlobalSection
	GlobalSection(ExtensibilityGlobals) = postSolution
		SolutionGuid = {E201EEA5-2115-428A-BE58-7386825FAEB5}
	EndGlobalSection
EndGlobal
